schema: '2.0'
stages:
  ingest:
    cmd: python ingest.py
    deps:
    - path: creditcard.csv
      hash: md5
      md5: e90efcb83d69faf99fcab8b0255024de
      size: 150828752
    - path: ingest.py
      hash: md5
      md5: e2e974160b2c7b6a49b095178f0ed205
      size: 647
    outs:
    - path: processed_data.csv
      hash: md5
      md5: e5986c63f371b335fceb7778f4ca65c9
      size: 151102405
  preprocess:
    cmd: python preprocess.py
    deps:
    - path: preprocess.py
      hash: md5
      md5: 54ebbcd041b66b732ce97a1092758a96
      size: 1610
    - path: processed_data.csv
      hash: md5
      md5: e5986c63f371b335fceb7778f4ca65c9
      size: 151102405
    outs:
    - path: test_data.csv
      hash: md5
      md5: 7a3a77b06080a3e342b4816eabba2854
      size: 529450
    - path: transformed_data.csv
      hash: md5
      md5: 43138f65fe1efba290c037cc55d4bf96
      size: 335057342
  train:
    cmd: python train.py
    deps:
    - path: test_data.csv
      hash: md5
      md5: 7a3a77b06080a3e342b4816eabba2854
      size: 529450
    - path: train.py
      hash: md5
      md5: cd5d72174169a6435a9ab540b15b6e87
      size: 11689
    - path: transformed_data.csv
      hash: md5
      md5: 43138f65fe1efba290c037cc55d4bf96
      size: 335057342
    outs:
    - path: models/fraud_model.pkl
      hash: md5
      md5: 9388e04cbffc3cf6bbf5350bf99bd3f1
      size: 3785809
  transform_feedback:
    cmd: python transform_feedback.py
    deps:
    - path: raw_feedback.csv
      hash: md5
      md5: 3b433750df3f754f328d4d0a9754ac1b
      size: 11540
    outs:
    - path: transformed_feedback.csv
      hash: md5
      md5: a98039b4cecb2f33faa80875576ce000
      size: 6673
